
Microsoft Visual Studio Solution File, Format Version 12.00
# Visual Studio 2012
Project("{FAE04EC0-301F-11D3-BF4B-00C04F79EFBC}") = "CheckList_Konstruktor", "CheckList_Konstruktor\CheckList_Konstruktor.csproj", "{624D5044-89E8-467B-98C3-0947C05DD5F8}"
EndProject
Global
	GlobalSection(SolutionConfigurationPlatforms) = preSolution
		Debug|Any CPU = Debug|Any CPU
		Release|Any CPU = Release|Any CPU
	EndGlobalSection
	GlobalSection(ProjectConfigurationPlatforms) = postSolution
		{624D5044-89E8-467B-98C3-0947C05DD5F8}.Debug|Any CPU.ActiveCfg = Debug|Any CPU
		{624D5044-89E8-467B-98C3-0947C05DD5F8}.Debug|Any CPU.Build.0 = Debug|Any CPU
		{624D5044-89E8-467B-98C3-0947C05DD5F8}.Release|Any CPU.ActiveCfg = Release|Any CPU
		{624D5044-89E8-467B-98C3-0947C05DD5F8}.Release|Any CPU.Build.0 = Release|Any CPU
	EndGlobalSection
	GlobalSection(SolutionProperties) = preSolution
		HideSolutionNode = FALSE
	EndGlobalSection
EndGlobal
